
Microsoft Visual Studio Solution File, Format Version 12.00
# Visual Studio Version 17
VisualStudioVersion = 17.3.32922.545
MinimumVisualStudioVersion = 10.0.40219.1
Project("{FAE04EC0-301F-11D3-BF4B-00C04F79EFBC}") = "01. Basic Stack Operations", "Stacks and Queues - Exercise\01. Basic Stack Operations.csproj", "{B121FA00-04C3-4784-AD48-D0602C740CDB}"
EndProject
Project("{FAE04EC0-301F-11D3-BF4B-00C04F79EFBC}") = "02. Basic Queue Operations", "02. Basic Queue Operations\02. Basic Queue Operations.csproj", "{3E8FD486-A5E4-4A5A-BDAB-1A0B07563CAF}"
EndProject
Project("{FAE04EC0-301F-11D3-BF4B-00C04F79EFBC}") = "03. Maximum and Minimum Element", "03. Maximum and Minimum Element\03. Maximum and Minimum Element.csproj", "{C3D71A17-C69F-4688-BC38-DD15D0D0CFAF}"
EndProject
Project("{FAE04EC0-301F-11D3-BF4B-00C04F79EFBC}") = "04. Fast Food", "04. Fast Food\04. Fast Food.csproj", "{ECFA16FC-2FF8-4E29-96F0-FF4AFE1A5B62}"
EndProject
Project("{FAE04EC0-301F-11D3-BF4B-00C04F79EFBC}") = "05. Fashion Boutique", "05. Fashion Boutique\05. Fashion Boutique.csproj", "{FB6F4091-D322-4BBD-BFCC-5E82E74946D2}"
EndProject
Project("{FAE04EC0-301F-11D3-BF4B-00C04F79EFBC}") = "06. Songs Queue", "06. Songs Queue\06. Songs Queue.csproj", "{A0431019-C948-4E90-B31A-3AAB2E9AACA0}"
EndProject
Project("{FAE04EC0-301F-11D3-BF4B-00C04F79EFBC}") = "07. Truck Tour", "07. Truck Tour\07. Truck Tour.csproj", "{78546E3C-97ED-4C35-923B-DC798392E8CA}"
EndProject
Project("{FAE04EC0-301F-11D3-BF4B-00C04F79EFBC}") = "08. Balanced Parenthesis", "08. Balanced Parenthesis\08. Balanced Parenthesis.csproj", "{2829DDD0-1958-4276-AA9B-8BB088015691}"
EndProject
Project("{FAE04EC0-301F-11D3-BF4B-00C04F79EFBC}") = "09. Simple Text Editor", "09. Simple Text Editor\09. Simple Text Editor.csproj", "{C34B2887-F1A8-49F6-8E3B-A1FA5152DE75}"
EndProject
Global
	GlobalSection(SolutionConfigurationPlatforms) = preSolution
		Debug|Any CPU = Debug|Any CPU
		Release|Any CPU = Release|Any CPU
	EndGlobalSection
	GlobalSection(ProjectConfigurationPlatforms) = postSolution
		{B121FA00-04C3-4784-AD48-D0602C740CDB}.Debug|Any CPU.ActiveCfg = Debug|Any CPU
		{B121FA00-04C3-4784-AD48-D0602C740CDB}.Debug|Any CPU.Build.0 = Debug|Any CPU
		{B121FA00-04C3-4784-AD48-D0602C740CDB}.Release|Any CPU.ActiveCfg = Release|Any CPU
		{B121FA00-04C3-4784-AD48-D0602C740CDB}.Release|Any CPU.Build.0 = Release|Any CPU
		{3E8FD486-A5E4-4A5A-BDAB-1A0B07563CAF}.Debug|Any CPU.ActiveCfg = Debug|Any CPU
		{3E8FD486-A5E4-4A5A-BDAB-1A0B07563CAF}.Debug|Any CPU.Build.0 = Debug|Any CPU
		{3E8FD486-A5E4-4A5A-BDAB-1A0B07563CAF}.Release|Any CPU.ActiveCfg = Release|Any CPU
		{3E8FD486-A5E4-4A5A-BDAB-1A0B07563CAF}.Release|Any CPU.Build.0 = Release|Any CPU
		{C3D71A17-C69F-4688-BC38-DD15D0D0CFAF}.Debug|Any CPU.ActiveCfg = Debug|Any CPU
		{C3D71A17-C69F-4688-BC38-DD15D0D0CFAF}.Debug|Any CPU.Build.0 = Debug|Any CPU
		{C3D71A17-C69F-4688-BC38-DD15D0D0CFAF}.Release|Any CPU.ActiveCfg = Release|Any CPU
		{C3D71A17-C69F-4688-BC38-DD15D0D0CFAF}.Release|Any CPU.Build.0 = Release|Any CPU
		{ECFA16FC-2FF8-4E29-96F0-FF4AFE1A5B62}.Debug|Any CPU.ActiveCfg = Debug|Any CPU
		{ECFA16FC-2FF8-4E29-96F0-FF4AFE1A5B62}.Debug|Any CPU.Build.0 = Debug|Any CPU
		{ECFA16FC-2FF8-4E29-96F0-FF4AFE1A5B62}.Release|Any CPU.ActiveCfg = Release|Any CPU
		{ECFA16FC-2FF8-4E29-96F0-FF4AFE1A5B62}.Release|Any CPU.Build.0 = Release|Any CPU
		{FB6F4091-D322-4BBD-BFCC-5E82E74946D2}.Debug|Any CPU.ActiveCfg = Debug|Any CPU
		{FB6F4091-D322-4BBD-BFCC-5E82E74946D2}.Debug|Any CPU.Build.0 = Debug|Any CPU
		{FB6F4091-D322-4BBD-BFCC-5E82E74946D2}.Release|Any CPU.ActiveCfg = Release|Any CPU
		{FB6F4091-D322-4BBD-BFCC-5E82E74946D2}.Release|Any CPU.Build.0 = Release|Any CPU
		{A0431019-C948-4E90-B31A-3AAB2E9AACA0}.Debug|Any CPU.ActiveCfg = Debug|Any CPU
		{A0431019-C948-4E90-B31A-3AAB2E9AACA0}.Debug|Any CPU.Build.0 = Debug|Any CPU
		{A0431019-C948-4E90-B31A-3AAB2E9AACA0}.Release|Any CPU.ActiveCfg = Release|Any CPU
		{A0431019-C948-4E90-B31A-3AAB2E9AACA0}.Release|Any CPU.Build.0 = Release|Any CPU
		{78546E3C-97ED-4C35-923B-DC798392E8CA}.Debug|Any CPU.ActiveCfg = Debug|Any CPU
		{78546E3C-97ED-4C35-923B-DC798392E8CA}.Debug|Any CPU.Build.0 = Debug|Any CPU
		{78546E3C-97ED-4C35-923B-DC798392E8CA}.Release|Any CPU.ActiveCfg = Release|Any CPU
		{78546E3C-97ED-4C35-923B-DC798392E8CA}.Release|Any CPU.Build.0 = Release|Any CPU
		{2829DDD0-1958-4276-AA9B-8BB088015691}.Debug|Any CPU.ActiveCfg = Debug|Any CPU
		{2829DDD0-1958-4276-AA9B-8BB088015691}.Debug|Any CPU.Build.0 = Debug|Any CPU
		{2829DDD0-1958-4276-AA9B-8BB088015691}.Release|Any CPU.ActiveCfg = Release|Any CPU
		{2829DDD0-1958-4276-AA9B-8BB088015691}.Release|Any CPU.Build.0 = Release|Any CPU
		{C34B2887-F1A8-49F6-8E3B-A1FA5152DE75}.Debug|Any CPU.ActiveCfg = Debug|Any CPU
		{C34B2887-F1A8-49F6-8E3B-A1FA5152DE75}.Debug|Any CPU.Build.0 = Debug|Any CPU
		{C34B2887-F1A8-49F6-8E3B-A1FA5152DE75}.Release|Any CPU.ActiveCfg = Release|Any CPU
		{C34B2887-F1A8-49F6-8E3B-A1FA5152DE75}.Release|Any CPU.Build.0 = Release|Any CPU
	EndGlobalSection
	GlobalSection(SolutionProperties) = preSolution
		HideSolutionNode = FALSE
	EndGlobalSection
	GlobalSection(ExtensibilityGlobals) = postSolution
		SolutionGuid = {1D89BAE9-E049-4254-8005-3E7A90D24695}
	EndGlobalSection
EndGlobal
