
Microsoft Visual Studio Solution File, Format Version 12.00
# Visual Studio Version 17
VisualStudioVersion = 17.3.32922.545
MinimumVisualStudioVersion = 10.0.40219.1
Project("{9A19103F-16F7-4668-BE54-9A1E7A4F7556}") = "1. Diagonal Difference", "1. Diagonal Difference\1. Diagonal Difference.csproj", "{0BE19C23-51CE-47D6-A5A6-6CD30F615796}"
EndProject
Project("{9A19103F-16F7-4668-BE54-9A1E7A4F7556}") = "2. Squares in Matrix", "2. Squares in Matrix\2. Squares in Matrix.csproj", "{D2A4F954-1C97-4B39-9547-D778924275C9}"
EndProject
Project("{FAE04EC0-301F-11D3-BF4B-00C04F79EFBC}") = "3. Maximal Sum", "3. Maximal Sum\3. Maximal Sum.csproj", "{C1B684BA-611A-4015-AA6F-97DB0703C7CA}"
EndProject
Project("{FAE04EC0-301F-11D3-BF4B-00C04F79EFBC}") = "4. Matrix Shuffling", "4. Matrix Shuffling\4. Matrix Shuffling.csproj", "{EDDC3742-8A21-40A3-93A5-FB0D278AECBE}"
EndProject
Project("{FAE04EC0-301F-11D3-BF4B-00C04F79EFBC}") = "5. Snake Moves", "5. Snake Moves\5. Snake Moves.csproj", "{A1D8C223-2A83-400A-937B-91AF0D07F370}"
EndProject
Project("{FAE04EC0-301F-11D3-BF4B-00C04F79EFBC}") = "6. Jagged Array Manipulator", "6. Jagged Array Manipulator\6. Jagged Array Manipulator.csproj", "{C98780C6-D3B3-4E2F-8C16-96C419554591}"
EndProject
Project("{FAE04EC0-301F-11D3-BF4B-00C04F79EFBC}") = "7. Knight Game", "7. Knight Game\7. Knight Game.csproj", "{6C21FB62-DC0D-46A9-8D59-AACA3F9351D0}"
EndProject
Global
	GlobalSection(SolutionConfigurationPlatforms) = preSolution
		Debug|Any CPU = Debug|Any CPU
		Release|Any CPU = Release|Any CPU
	EndGlobalSection
	GlobalSection(ProjectConfigurationPlatforms) = postSolution
		{0BE19C23-51CE-47D6-A5A6-6CD30F615796}.Debug|Any CPU.ActiveCfg = Debug|Any CPU
		{0BE19C23-51CE-47D6-A5A6-6CD30F615796}.Debug|Any CPU.Build.0 = Debug|Any CPU
		{0BE19C23-51CE-47D6-A5A6-6CD30F615796}.Release|Any CPU.ActiveCfg = Release|Any CPU
		{0BE19C23-51CE-47D6-A5A6-6CD30F615796}.Release|Any CPU.Build.0 = Release|Any CPU
		{D2A4F954-1C97-4B39-9547-D778924275C9}.Debug|Any CPU.ActiveCfg = Debug|Any CPU
		{D2A4F954-1C97-4B39-9547-D778924275C9}.Debug|Any CPU.Build.0 = Debug|Any CPU
		{D2A4F954-1C97-4B39-9547-D778924275C9}.Release|Any CPU.ActiveCfg = Release|Any CPU
		{D2A4F954-1C97-4B39-9547-D778924275C9}.Release|Any CPU.Build.0 = Release|Any CPU
		{C1B684BA-611A-4015-AA6F-97DB0703C7CA}.Debug|Any CPU.ActiveCfg = Debug|Any CPU
		{C1B684BA-611A-4015-AA6F-97DB0703C7CA}.Debug|Any CPU.Build.0 = Debug|Any CPU
		{C1B684BA-611A-4015-AA6F-97DB0703C7CA}.Release|Any CPU.ActiveCfg = Release|Any CPU
		{C1B684BA-611A-4015-AA6F-97DB0703C7CA}.Release|Any CPU.Build.0 = Release|Any CPU
		{EDDC3742-8A21-40A3-93A5-FB0D278AECBE}.Debug|Any CPU.ActiveCfg = Debug|Any CPU
		{EDDC3742-8A21-40A3-93A5-FB0D278AECBE}.Debug|Any CPU.Build.0 = Debug|Any CPU
		{EDDC3742-8A21-40A3-93A5-FB0D278AECBE}.Release|Any CPU.ActiveCfg = Release|Any CPU
		{EDDC3742-8A21-40A3-93A5-FB0D278AECBE}.Release|Any CPU.Build.0 = Release|Any CPU
		{A1D8C223-2A83-400A-937B-91AF0D07F370}.Debug|Any CPU.ActiveCfg = Debug|Any CPU
		{A1D8C223-2A83-400A-937B-91AF0D07F370}.Debug|Any CPU.Build.0 = Debug|Any CPU
		{A1D8C223-2A83-400A-937B-91AF0D07F370}.Release|Any CPU.ActiveCfg = Release|Any CPU
		{A1D8C223-2A83-400A-937B-91AF0D07F370}.Release|Any CPU.Build.0 = Release|Any CPU
		{C98780C6-D3B3-4E2F-8C16-96C419554591}.Debug|Any CPU.ActiveCfg = Debug|Any CPU
		{C98780C6-D3B3-4E2F-8C16-96C419554591}.Debug|Any CPU.Build.0 = Debug|Any CPU
		{C98780C6-D3B3-4E2F-8C16-96C419554591}.Release|Any CPU.ActiveCfg = Release|Any CPU
		{C98780C6-D3B3-4E2F-8C16-96C419554591}.Release|Any CPU.Build.0 = Release|Any CPU
		{6C21FB62-DC0D-46A9-8D59-AACA3F9351D0}.Debug|Any CPU.ActiveCfg = Debug|Any CPU
		{6C21FB62-DC0D-46A9-8D59-AACA3F9351D0}.Debug|Any CPU.Build.0 = Debug|Any CPU
		{6C21FB62-DC0D-46A9-8D59-AACA3F9351D0}.Release|Any CPU.ActiveCfg = Release|Any CPU
		{6C21FB62-DC0D-46A9-8D59-AACA3F9351D0}.Release|Any CPU.Build.0 = Release|Any CPU
	EndGlobalSection
	GlobalSection(SolutionProperties) = preSolution
		HideSolutionNode = FALSE
	EndGlobalSection
	GlobalSection(ExtensibilityGlobals) = postSolution
		SolutionGuid = {6F83C8AD-0280-4CA6-81EE-3F9E6E94D28E}
	EndGlobalSection
EndGlobal
